
Microsoft Visual Studio Solution File, Format Version 12.00
# Visual Studio Version 16
VisualStudioVersion = 16.0.31515.178
MinimumVisualStudioVersion = 10.0.40219.1
Project("{8BC9CEB8-8B4A-11D0-8D11-00A0C91BC942}") = "lab3.1", "lab3.1\lab3.1.vcxproj", "{7EA50DFE-A7AE-4BE6-A72B-FD00D2822DE0}"
EndProject
Global
	GlobalSection(SolutionConfigurationPlatforms) = preSolution
		Debug|x64 = Debug|x64
		Debug|x86 = Debug|x86
		Release|x64 = Release|x64
		Release|x86 = Release|x86
	EndGlobalSection
	GlobalSection(ProjectConfigurationPlatforms) = postSolution
		{7EA50DFE-A7AE-4BE6-A72B-FD00D2822DE0}.Debug|x64.ActiveCfg = Debug|x64
		{7EA50DFE-A7AE-4BE6-A72B-FD00D2822DE0}.Debug|x64.Build.0 = Debug|x64
		{7EA50DFE-A7AE-4BE6-A72B-FD00D2822DE0}.Debug|x86.ActiveCfg = Debug|Win32
		{7EA50DFE-A7AE-4BE6-A72B-FD00D2822DE0}.Debug|x86.Build.0 = Debug|Win32
		{7EA50DFE-A7AE-4BE6-A72B-FD00D2822DE0}.Release|x64.ActiveCfg = Release|x64
		{7EA50DFE-A7AE-4BE6-A72B-FD00D2822DE0}.Release|x64.Build.0 = Release|x64
		{7EA50DFE-A7AE-4BE6-A72B-FD00D2822DE0}.Release|x86.ActiveCfg = Release|Win32
		{7EA50DFE-A7AE-4BE6-A72B-FD00D2822DE0}.Release|x86.Build.0 = Release|Win32
	EndGlobalSection
	GlobalSection(SolutionProperties) = preSolution
		HideSolutionNode = FALSE
	EndGlobalSection
	GlobalSection(ExtensibilityGlobals) = postSolution
		SolutionGuid = {C862A138-5B4B-456E-B996-11D6F21B3D32}
	EndGlobalSection
EndGlobal
